
Microsoft Visual Studio Solution File, Format Version 12.00
# Visual Studio Version 17
VisualStudioVersion = 17.9.34607.119
MinimumVisualStudioVersion = 10.0.40219.1
Project("{FAE04EC0-301F-11D3-BF4B-00C04F79EFBC}") = "MonitoringService", "MonitoringService\MonitoringService.csproj", "{8D331109-3024-427B-B63C-D9EAF90D06AD}"
EndProject
Project("{9A19103F-16F7-4668-BE54-9A1E7A4F7556}") = "SettingsApplication", "SettingsApplication\SettingsApplication.csproj", "{6249C929-AABD-4988-A6C0-34A6F6A7D7BD}"
EndProject
Project("{9A19103F-16F7-4668-BE54-9A1E7A4F7556}") = "Shared", "Shared\Shared.csproj", "{422FE90D-D034-49BB-A105-497D54DBD635}"
EndProject
Project("{9A19103F-16F7-4668-BE54-9A1E7A4F7556}") = "WebApi", "WebApi\WebApi.csproj", "{DD5B0851-B133-4B3E-888F-68E11C63BEF4}"
EndProject
Project("{FAE04EC0-301F-11D3-BF4B-00C04F79EFBC}") = "MockWindows", "MockWindows\MockWindows.csproj", "{3BA8926E-A666-4919-A2FE-445C68C3F6D2}"
EndProject
Global
	GlobalSection(SolutionConfigurationPlatforms) = preSolution
		Debug|Any CPU = Debug|Any CPU
		Release|Any CPU = Release|Any CPU
	EndGlobalSection
	GlobalSection(ProjectConfigurationPlatforms) = postSolution
		{8D331109-3024-427B-B63C-D9EAF90D06AD}.Debug|Any CPU.ActiveCfg = Debug|Any CPU
		{8D331109-3024-427B-B63C-D9EAF90D06AD}.Debug|Any CPU.Build.0 = Debug|Any CPU
		{8D331109-3024-427B-B63C-D9EAF90D06AD}.Release|Any CPU.ActiveCfg = Release|Any CPU
		{8D331109-3024-427B-B63C-D9EAF90D06AD}.Release|Any CPU.Build.0 = Release|Any CPU
		{6249C929-AABD-4988-A6C0-34A6F6A7D7BD}.Debug|Any CPU.ActiveCfg = Debug|Any CPU
		{6249C929-AABD-4988-A6C0-34A6F6A7D7BD}.Debug|Any CPU.Build.0 = Debug|Any CPU
		{6249C929-AABD-4988-A6C0-34A6F6A7D7BD}.Release|Any CPU.ActiveCfg = Release|Any CPU
		{6249C929-AABD-4988-A6C0-34A6F6A7D7BD}.Release|Any CPU.Build.0 = Release|Any CPU
		{422FE90D-D034-49BB-A105-497D54DBD635}.Debug|Any CPU.ActiveCfg = Debug|Any CPU
		{422FE90D-D034-49BB-A105-497D54DBD635}.Debug|Any CPU.Build.0 = Debug|Any CPU
		{422FE90D-D034-49BB-A105-497D54DBD635}.Release|Any CPU.ActiveCfg = Release|Any CPU
		{422FE90D-D034-49BB-A105-497D54DBD635}.Release|Any CPU.Build.0 = Release|Any CPU
		{DD5B0851-B133-4B3E-888F-68E11C63BEF4}.Debug|Any CPU.ActiveCfg = Debug|Any CPU
		{DD5B0851-B133-4B3E-888F-68E11C63BEF4}.Debug|Any CPU.Build.0 = Debug|Any CPU
		{DD5B0851-B133-4B3E-888F-68E11C63BEF4}.Release|Any CPU.ActiveCfg = Release|Any CPU
		{DD5B0851-B133-4B3E-888F-68E11C63BEF4}.Release|Any CPU.Build.0 = Release|Any CPU
		{3BA8926E-A666-4919-A2FE-445C68C3F6D2}.Debug|Any CPU.ActiveCfg = Debug|Any CPU
		{3BA8926E-A666-4919-A2FE-445C68C3F6D2}.Debug|Any CPU.Build.0 = Debug|Any CPU
		{3BA8926E-A666-4919-A2FE-445C68C3F6D2}.Release|Any CPU.ActiveCfg = Release|Any CPU
		{3BA8926E-A666-4919-A2FE-445C68C3F6D2}.Release|Any CPU.Build.0 = Release|Any CPU
	EndGlobalSection
	GlobalSection(SolutionProperties) = preSolution
		HideSolutionNode = FALSE
	EndGlobalSection
	GlobalSection(ExtensibilityGlobals) = postSolution
		SolutionGuid = {2B0B1E5E-D84F-4C75-A5CB-61ABCDD8FB99}
	EndGlobalSection
EndGlobal
